
Microsoft Visual Studio Solution File, Format Version 12.00
# Visual Studio Version 16
VisualStudioVersion = 16.0.30621.155
MinimumVisualStudioVersion = 10.0.40219.1
Project("{FAE04EC0-301F-11D3-BF4B-00C04F79EFBC}") = "LAB04 (Visual Programming)", "LAB04 (Visual Programming)\LAB04 (Visual Programming).csproj", "{C43CAD1F-6073-4157-A0D5-65F81576E30B}"
EndProject
Global
	GlobalSection(SolutionConfigurationPlatforms) = preSolution
		Debug|Any CPU = Debug|Any CPU
		Release|Any CPU = Release|Any CPU
	EndGlobalSection
	GlobalSection(ProjectConfigurationPlatforms) = postSolution
		{C43CAD1F-6073-4157-A0D5-65F81576E30B}.Debug|Any CPU.ActiveCfg = Debug|Any CPU
		{C43CAD1F-6073-4157-A0D5-65F81576E30B}.Debug|Any CPU.Build.0 = Debug|Any CPU
		{C43CAD1F-6073-4157-A0D5-65F81576E30B}.Release|Any CPU.ActiveCfg = Release|Any CPU
		{C43CAD1F-6073-4157-A0D5-65F81576E30B}.Release|Any CPU.Build.0 = Release|Any CPU
	EndGlobalSection
	GlobalSection(SolutionProperties) = preSolution
		HideSolutionNode = FALSE
	EndGlobalSection
	GlobalSection(ExtensibilityGlobals) = postSolution
		SolutionGuid = {80319E98-CED9-4250-A920-C0B9277F7FF1}
	EndGlobalSection
EndGlobal
